
Microsoft Visual Studio Solution File, Format Version 12.00
# Visual Studio Version 17
VisualStudioVersion = 17.0.31903.59
MinimumVisualStudioVersion = 10.0.40219.1
Project("{FAE04EC0-301F-11D3-BF4B-00C04F79EFBC}") = "StreamConsoleApp", "StreamConsoleApp\StreamConsoleApp.csproj", "{884A7EE1-5907-4B6E-9DAD-4FC15680806F}"
EndProject
Global
	GlobalSection(SolutionConfigurationPlatforms) = preSolution
		Debug|Any CPU = Debug|Any CPU
		Release|Any CPU = Release|Any CPU
	EndGlobalSection
	GlobalSection(ProjectConfigurationPlatforms) = postSolution
		{884A7EE1-5907-4B6E-9DAD-4FC15680806F}.Debug|Any CPU.ActiveCfg = Debug|Any CPU
		{884A7EE1-5907-4B6E-9DAD-4FC15680806F}.Debug|Any CPU.Build.0 = Debug|Any CPU
		{884A7EE1-5907-4B6E-9DAD-4FC15680806F}.Release|Any CPU.ActiveCfg = Release|Any CPU
		{884A7EE1-5907-4B6E-9DAD-4FC15680806F}.Release|Any CPU.Build.0 = Release|Any CPU
	EndGlobalSection
	GlobalSection(SolutionProperties) = preSolution
		HideSolutionNode = FALSE
	EndGlobalSection
	GlobalSection(ExtensibilityGlobals) = postSolution
		SolutionGuid = {492320BB-CB07-41AD-AAD5-F6D28D58DD1A}
	EndGlobalSection
EndGlobal
